
Microsoft Visual Studio Solution File, Format Version 12.00
# Visual Studio 15
VisualStudioVersion = 15.0.28307.329
MinimumVisualStudioVersion = 10.0.40219.1
Project("{FAE04EC0-301F-11D3-BF4B-00C04F79EFBC}") = "ShoppingCart", "EssentialTools\ShoppingCart.csproj", "{E1444A55-A006-4CE0-8185-B2DC24A58DAE}"
EndProject
Global
	GlobalSection(SolutionConfigurationPlatforms) = preSolution
		Debug|Any CPU = Debug|Any CPU
		Release|Any CPU = Release|Any CPU
	EndGlobalSection
	GlobalSection(ProjectConfigurationPlatforms) = postSolution
		{E1444A55-A006-4CE0-8185-B2DC24A58DAE}.Debug|Any CPU.ActiveCfg = Debug|Any CPU
		{E1444A55-A006-4CE0-8185-B2DC24A58DAE}.Debug|Any CPU.Build.0 = Debug|Any CPU
		{E1444A55-A006-4CE0-8185-B2DC24A58DAE}.Release|Any CPU.ActiveCfg = Release|Any CPU
		{E1444A55-A006-4CE0-8185-B2DC24A58DAE}.Release|Any CPU.Build.0 = Release|Any CPU
	EndGlobalSection
	GlobalSection(SolutionProperties) = preSolution
		HideSolutionNode = FALSE
	EndGlobalSection
	GlobalSection(ExtensibilityGlobals) = postSolution
		SolutionGuid = {0FF4A815-59EF-47D1-B9CA-BCC96962E532}
	EndGlobalSection
EndGlobal
